
Microsoft Visual Studio Solution File, Format Version 12.00
Project("{FAE04EC0-301F-11D3-BF4B-00C04F79EFBC}") = "Application6", "Application6\Application6.csproj", "{FD85E6E9-8E54-43E2-AFAB-4F80500FEAD1}"
EndProject
Global
	GlobalSection(SolutionConfigurationPlatforms) = preSolution
		Debug|Any CPU = Debug|Any CPU
		Release|Any CPU = Release|Any CPU
	EndGlobalSection
	GlobalSection(ProjectConfigurationPlatforms) = postSolution
		{FD85E6E9-8E54-43E2-AFAB-4F80500FEAD1}.Debug|Any CPU.ActiveCfg = Debug|Any CPU
		{FD85E6E9-8E54-43E2-AFAB-4F80500FEAD1}.Debug|Any CPU.Build.0 = Debug|Any CPU
		{FD85E6E9-8E54-43E2-AFAB-4F80500FEAD1}.Release|Any CPU.ActiveCfg = Release|Any CPU
		{FD85E6E9-8E54-43E2-AFAB-4F80500FEAD1}.Release|Any CPU.Build.0 = Release|Any CPU
	EndGlobalSection
EndGlobal
